
Microsoft Visual Studio Solution File, Format Version 12.00
# Visual Studio 2013
VisualStudioVersion = 12.0.30110.0
MinimumVisualStudioVersion = 10.0.40219.1
Project("{CC5FD16D-436D-48AD-A40C-5A424C6E3E79}") = "SignalrBackendService", "SignalrBackendService\SignalrBackendService.ccproj", "{0B8DE434-404D-4FBC-BE25-04DE3E0F4AE6}"
EndProject
Project("{FAE04EC0-301F-11D3-BF4B-00C04F79EFBC}") = "SignalrWebService", "SignalrWebService\SignalrWebService.csproj", "{3D5B4553-84A2-4DB1-BBB4-42E7D8473143}"
EndProject
Project("{FAE04EC0-301F-11D3-BF4B-00C04F79EFBC}") = "SignalrWebService.Tests", "SignalrWebService.Tests\SignalrWebService.Tests.csproj", "{99584D3D-FE5A-44CF-A257-7DB1F1C51781}"
EndProject
Global
	GlobalSection(SolutionConfigurationPlatforms) = preSolution
		Debug|Any CPU = Debug|Any CPU
		Release|Any CPU = Release|Any CPU
	EndGlobalSection
	GlobalSection(ProjectConfigurationPlatforms) = postSolution
		{0B8DE434-404D-4FBC-BE25-04DE3E0F4AE6}.Debug|Any CPU.ActiveCfg = Debug|Any CPU
		{0B8DE434-404D-4FBC-BE25-04DE3E0F4AE6}.Debug|Any CPU.Build.0 = Debug|Any CPU
		{0B8DE434-404D-4FBC-BE25-04DE3E0F4AE6}.Release|Any CPU.ActiveCfg = Release|Any CPU
		{0B8DE434-404D-4FBC-BE25-04DE3E0F4AE6}.Release|Any CPU.Build.0 = Release|Any CPU
		{3D5B4553-84A2-4DB1-BBB4-42E7D8473143}.Debug|Any CPU.ActiveCfg = Debug|Any CPU
		{3D5B4553-84A2-4DB1-BBB4-42E7D8473143}.Debug|Any CPU.Build.0 = Debug|Any CPU
		{3D5B4553-84A2-4DB1-BBB4-42E7D8473143}.Release|Any CPU.ActiveCfg = Release|Any CPU
		{3D5B4553-84A2-4DB1-BBB4-42E7D8473143}.Release|Any CPU.Build.0 = Release|Any CPU
		{99584D3D-FE5A-44CF-A257-7DB1F1C51781}.Debug|Any CPU.ActiveCfg = Debug|Any CPU
		{99584D3D-FE5A-44CF-A257-7DB1F1C51781}.Debug|Any CPU.Build.0 = Debug|Any CPU
		{99584D3D-FE5A-44CF-A257-7DB1F1C51781}.Release|Any CPU.ActiveCfg = Release|Any CPU
		{99584D3D-FE5A-44CF-A257-7DB1F1C51781}.Release|Any CPU.Build.0 = Release|Any CPU
	EndGlobalSection
	GlobalSection(SolutionProperties) = preSolution
		HideSolutionNode = FALSE
	EndGlobalSection
EndGlobal
